dependencies:
- name: postgresql
  repository: oci://registry-1.docker.io/bitnamicharts
  version: 12.4.3
- name: neo4j
  repository: https://neo4j.github.io/helm-charts/
  version: 5.26.31
digest: sha256:fe964e70924e3377f79f1e03a758f7a22957ce0e81b2baaee3ffb668182ffa6a
generated: "2026-09-29T12:00:10.002318535Z"
