dependencies:
- name: postgresql
  repository: oci://registry-1.docker.io/bitnamicharts
  version: 12.4.3
- name: neo4j
  repository: https://neo4j.github.io/helm-charts/
  version: 5.26.27
digest: sha256:9746e375fb473431fd107dc4ca07efd188a4a5df5922763dabee7795b99bfb83
generated: "2026-06-15T13:17:09.051633836Z"
